<Solution>
  <Folder Name="/Solution Items/">
    <File Path="README.md" />
    <File Path="sample-tarce-logs.txt" />
  </Folder>
  <Folder Name="/src/">
    <Project Path="src/Pleng.Agent/Pleng.Agent.csproj" Id="39b4114c-36c7-481d-8f9d-5d99d3cfe6c5" />
    <Project Path="src/Pleng.MCP.Server/Pleng.MCP.Server.csproj" />
  </Folder>
</Solution>
